
Microsoft Visual Studio Solution File, Format Version 12.00
# Visual Studio 14
VisualStudioVersion = 14.0.25420.1
MinimumVisualStudioVersion = 10.0.40219.1
Project("{FAE04EC0-301F-11D3-BF4B-00C04F79EFBC}") = "MedicalDevicesApp", "MedicalDevicesApp\MedicalDevicesApp.csproj", "{FEA0E619-DA15-4079-958A-C60A40F8E925}"
EndProject
Global
	GlobalSection(SolutionConfigurationPlatforms) = preSolution
		Debug|Any CPU = Debug|Any CPU
		Release|Any CPU = Release|Any CPU
	EndGlobalSection
	GlobalSection(ProjectConfigurationPlatforms) = postSolution
		{FEA0E619-DA15-4079-958A-C60A40F8E925}.Debug|Any CPU.ActiveCfg = Debug|Any CPU
		{FEA0E619-DA15-4079-958A-C60A40F8E925}.Debug|Any CPU.Build.0 = Debug|Any CPU
		{FEA0E619-DA15-4079-958A-C60A40F8E925}.Release|Any CPU.ActiveCfg = Release|Any CPU
		{FEA0E619-DA15-4079-958A-C60A40F8E925}.Release|Any CPU.Build.0 = Release|Any CPU
	EndGlobalSection
	GlobalSection(SolutionProperties) = preSolution
		HideSolutionNode = FALSE
	EndGlobalSection
EndGlobal
